{
  "requires": true,
  "lockfileVersion": 1,
  "dependencies": {
    "biskviit": {
      "version": "1.0.1",
      "resolved": "https://registry.npmjs.org/biskviit/-/biskviit-1.0.1.tgz",
      "integrity": "sha1-A3oM1LcbnjMf2QoRIt4X3EnkIKc=",
      "requires": {
        "psl": "1.1.25"
      }
    },
    "encoding": {
      "version": "0.1.12",
      "resolved": "https://registry.npmjs.org/encoding/-/encoding-0.1.12.tgz",
      "integrity": "sha1-U4tm8+5izRq1HsMjgp0flIDHS+s=",
      "requires": {
        "iconv-lite": "0.4.21"
      }
    },
    "iconv-lite": {
      "version": "0.4.21",
      "resolved": "https://registry.npmjs.org/iconv-lite/-/iconv-lite-0.4.21.tgz",
      "integrity": "sha512-En5V9za5mBt2oUA03WGD3TwDv0MKAruqsuxstbMUZaj9W9k/m1CV/9py3l0L5kw9Bln8fdHQmzHSYtvpvTLpKw==",
      "requires": {
        "safer-buffer": "2.1.2"
      }
    },
    "node-fetch": {
      "version": "2.1.2",
      "resolved": "https://registry.npmjs.org/node-fetch/-/node-fetch-2.1.2.tgz",
      "integrity": "sha1-q4hOjn5X44qUR1POxwb3iNF2i7U="
    },
    "psl": {
      "version": "1.1.25",
      "resolved": "https://registry.npmjs.org/psl/-/psl-1.1.25.tgz",
      "integrity": "sha512-Djug/g0La/23cfyh1GujTbrLs/dhUxEquv78at1zHs03oglR1FP54v1nr8J7nCKxLEs1tsNP0u3DGVrugGi/kA=="
    },
    "safer-buffer": {
      "version": "2.1.2",
      "resolved": "https://registry.npmjs.org/safer-buffer/-/safer-buffer-2.1.2.tgz",
      "integrity": "sha512-YZo3K82SD7Riyi0E1EQPojLz7kpepnSQI9IyPbHHg1XXXevb5dJI7tpyN2ADxGcQbHG7vcyRHk0cbwqcQriUtg=="
    },
    "telegram-node-bot": {
      "version": "4.0.5",
      "resolved": "https://registry.npmjs.org/telegram-node-bot/-/telegram-node-bot-4.0.5.tgz",
      "integrity": "sha1-H1Zay+iZJbASdlZgZpbYdhvqGQc=",
      "requires": {
        "tiny_request": "1.0.13"
      }
    },
    "tiny_request": {
      "version": "1.0.13",
      "resolved": "https://registry.npmjs.org/tiny_request/-/tiny_request-1.0.13.tgz",
      "integrity": "sha1-gbmXd5R1GdNLDnOsnrb1AnpVL5I="
    }
  }
}
